PODS:
  - Flutter (1.0.0)
  - "otp_pin_field (1.2.0+2)":
    - Flutter

DEPENDENCIES:
  - Flutter (from `Flutter`)
  - otp_pin_field (from `.symlinks/plugins/otp_pin_field/ios`)

EXTERNAL SOURCES:
  Flutter:
    :path: Flutter
  otp_pin_field:
    :path: ".symlinks/plugins/otp_pin_field/ios"

SPEC CHECKSUMS:
  Flutter: e0871f40cf51350855a761d2e70bf5af5b9b5de7
  otp_pin_field: d7876d051dc3061287d586940de50e9c7012069d

PODFILE CHECKSUM: 819463e6a0290f5a72f145ba7cde16e8b6ef0796

COCOAPODS: 1.16.2
